41.neocities.org/diana v1.9.8 h1:8IX1ckp8r9cC1DK7u+lnKvK2xjNvX5BeGnaD8XOwuqs=
41.neocities.org/diana v1.9.8/go.mod h1:AA1GVqefr8KiRVujQrQWG5bfMkr8jm8MU2iRo6toLtM=
41.neocities.org/luna v1.34.6 h1:f0mCrPjc9uDytgU75npnze+3nl7qmJ3sKBBIFlB/a6s=
41.neocities.org/luna v1.34.6/go.mod h1:AjU5D4+fxCgyL1sYkmvwadeegk1ZmqJwcy96Kt5b4pU=
41.neocities.org/maya v1.41.3 h1:Blm50ExNuCkPzZJqGO+eNR42x8z+RKQh2LWa5hEwd30=
41.neocities.org/maya v1.41.3/go.mod h1:hbQTlZJYBuIVcIZ1g1QpnAocJdBC5f0XE/pV1Slqbx8=
41.neocities.org/protobuf v1.6.8 h1:5QYUzNNSgzVwdqa9V7Rq6Q+szK+wVG6DbKx/gNWASB8=
41.neocities.org/protobuf v1.6.8/go.mod h1:rodstWMPJn6uy7G5afSR2GCz4v4Q8rBbiFn9hOd/k5o=
41.neocities.org/sofia v1.13.9 h1:uKhEv1Zkw4SDWLjb2tg8J9J/0odDhz9SYCYmDPuAL58=
41.neocities.org/sofia v1.13.9/go.mod h1:jA3cDM3wZ95T6fAw+cdBLRUp2Idk7aHjOyrXx9vbODo=
filippo.io/nistec v0.0.4 h1:F14ZHT5htWlMnQVPndX9ro9arf56cBhQxq4LnDI491s=
filippo.io/nistec v0.0.4/go.mod h1:PK/lw8I1gQT4hUML4QGaqljwdDaFcMyFKSXN7kjrtKI=
github.com/emmansun/gmsm v0.43.0 h1:uiT92B9Ge99oxK1qT+LEls2OqX7WinGGNzUGF1hIZ4A=
github.com/emmansun/gmsm v0.43.0/go.mod h1:FD1EQk4XcSMkahZFzNwFoI/uXzAlODB9JVsJ9G5N7Do=
golang.org/x/sys v0.46.0 h1:noSf2Fq6F8DBgS+LysIkx7rIExoNHJsxOAtPp4rthXw=
golang.org/x/sys v0.46.0/go.mod h1:4GL1E5IUh+htKOUEOaiffhrAeqysfVGipDYzABqnCmw=
