41.neocities.org/diana v1.9.6 h1:t3zJZvnUYx7NIiSJ5xni0EiG40qYbIvY5KwUet39HLk=
41.neocities.org/diana v1.9.6/go.mod h1:QpDwJDXIPGYUPIri/ERpgbS7xeAZ9xXCkq4kKQdKiWI=
41.neocities.org/luna v1.34.5 h1:ICGbwtCd/GqxbQBtMny0vPKsNLYMNIfPtqFzgPh9Pzo=
41.neocities.org/luna v1.34.5/go.mod h1:AjU5D4+fxCgyL1sYkmvwadeegk1ZmqJwcy96Kt5b4pU=
41.neocities.org/maya v1.36.5 h1:DnVlP1/aypv5LFac7iic9ta1l/d5vQOtCZpbnzThnlc=
41.neocities.org/maya v1.36.5/go.mod h1:0eb/tGuUQMaOyNd/gck4lJli5QoN7axw5tncEDfovqQ=
41.neocities.org/protobuf v1.6.3 h1:lvOskQtJW6DAF2vakkc+3wOzvh7cHf9FMATUSwvNfPo=
41.neocities.org/protobuf v1.6.3/go.mod h1:rodstWMPJn6uy7G5afSR2GCz4v4Q8rBbiFn9hOd/k5o=
41.neocities.org/sofia v1.13.9 h1:uKhEv1Zkw4SDWLjb2tg8J9J/0odDhz9SYCYmDPuAL58=
41.neocities.org/sofia v1.13.9/go.mod h1:jA3cDM3wZ95T6fAw+cdBLRUp2Idk7aHjOyrXx9vbODo=
filippo.io/nistec v0.0.4 h1:F14ZHT5htWlMnQVPndX9ro9arf56cBhQxq4LnDI491s=
filippo.io/nistec v0.0.4/go.mod h1:PK/lw8I1gQT4hUML4QGaqljwdDaFcMyFKSXN7kjrtKI=
github.com/emmansun/gmsm v0.42.0 h1:4lKCm4uay1ZjzJmdOzxCZHa4WvIbz64Z3NEJn9itMHg=
github.com/emmansun/gmsm v0.42.0/go.mod h1:FD1EQk4XcSMkahZFzNwFoI/uXzAlODB9JVsJ9G5N7Do=
golang.org/x/sys v0.44.0 h1:ildZl3J4uzeKP07r2F++Op7E9B29JRUy+a27EibtBTQ=
golang.org/x/sys v0.44.0/go.mod h1:4GL1E5IUh+htKOUEOaiffhrAeqysfVGipDYzABqnCmw=
