41.neocities.org/diana v1.10.1 h1:nfQjARQvPZT+FV7eOVXcCeno9RZUg492iR2GuqBIkFE=
41.neocities.org/diana v1.10.1/go.mod h1:aSvpuIAPviHUOh0sOP/aOXTPEOlspUXSqVqymDNlyQs=
41.neocities.org/protobuf v1.7.3 h1:EknKjAmlMO75wREANEwaJDoWPxR9FiRn0pOvombY6DI=
41.neocities.org/protobuf v1.7.3/go.mod h1:rodstWMPJn6uy7G5afSR2GCz4v4Q8rBbiFn9hOd/k5o=
github.com/emmansun/gmsm v0.44.0 h1:QAg/Xuha84+AUPFIe7T8Ly4S8z54+UPwpBnHS8Y8Ubc=
github.com/emmansun/gmsm v0.44.0/go.mod h1:CHti5ihGbTOI0pCtdoC8HLjBxGFktH/ksbpsCgsCzkQ=
